// !$*UTF8*$!
{
	archiveVersion = 1;
	classes = {
	};
	objectVersion = 46;
	objects = {

/* Begin PBXBuildFile section */
		D96F8DF11CDAE708005E9D70 /* main.m in Sources */ = {isa = PBXBuildFile; fileRef = D96F8DF01CDAE708005E9D70 /* main.m */; };
		D96F8DF41CDAE708005E9D70 /* AppDelegate.m in Sources */ = {isa = PBXBuildFile; fileRef = D96F8DF31CDAE708005E9D70 /* AppDelegate.m */; };
		D96F8DF71CDAE708005E9D70 /* ViewController.m in Sources */ = {isa = PBXBuildFile; fileRef = D96F8DF61CDAE708005E9D70 /* ViewController.m */; };
		D96F8DFA1CDAE708005E9D70 /* Main.storyboard in Resources */ = {isa = PBXBuildFile; fileRef = D96F8DF81CDAE708005E9D70 /* Main.storyboard */; };
		D96F8DFC1CDAE708005E9D70 /* Assets.xcassets in Resources */ = {isa = PBXBuildFile; fileRef = D96F8DFB1CDAE708005E9D70 /* Assets.xcassets */; };
		D96F8DFF1CDAE708005E9D70 /* LaunchScreen.storyboard in Resources */ = {isa = PBXBuildFile; fileRef = D96F8DFD1CDAE708005E9D70 /* LaunchScreen.storyboard */; };
		D96F8E101CDAE8A6005E9D70 /* RGCStatusBarHUD.bundle in Resources */ = {isa = PBXBuildFile; fileRef = D96F8E0D1CDAE8A5005E9D70 /* RGCStatusBarHUD.bundle */; };
		D96F8E111CDAE8A6005E9D70 /* RGCStatusBarHUD.m in Sources */ = {isa = PBXBuildFile; fileRef = D96F8E0F1CDAE8A5005E9D70 /* RGCStatusBarHUD.m */; };
/* End PBXBuildFile section */

/* Begin PBXFileReference section */
		D96F8DEC1CDAE708005E9D70 /* RGCStatusBarHUDDemo.app */ = {isa = PBXFileReference; explicitFileType = wrapper.application; includeInIndex = 0; path = RGCStatusBarHUDDemo.app; sourceTree = BUILT_PRODUCTS_DIR; };
		D96F8DF01CDAE708005E9D70 /* main.m */ = {isa = PBXFileReference; lastKnownFileType = sourcecode.c.objc; path = main.m; sourceTree = "<group>"; };
		D96F8DF21CDAE708005E9D70 /* AppDelegate.h */ = {isa = PBXFileReference; lastKnownFileType = sourcecode.c.h; path = AppDelegate.h; sourceTree = "<group>"; };
		D96F8DF31CDAE708005E9D70 /* AppDelegate.m */ = {isa = PBXFileReference; lastKnownFileType = sourcecode.c.objc; path = AppDelegate.m; sourceTree = "<group>"; };
		D96F8DF51CDAE708005E9D70 /* ViewController.h */ = {isa = PBXFileReference; lastKnownFileType = sourcecode.c.h; path = ViewController.h; sourceTree = "<group>"; };
		D96F8DF61CDAE708005E9D70 /* ViewController.m */ = {isa = PBXFileReference; lastKnownFileType = sourcecode.c.objc; path = ViewController.m; sourceTree = "<group>"; };
		D96F8DF91CDAE708005E9D70 /* Base */ = {isa = PBXFileReference; lastKnownFileType = file.storyboard; name = Base; path = Base.lproj/Main.storyboard; sourceTree = "<group>"; };
		D96F8DFB1CDAE708005E9D70 /* Assets.xcassets */ = {isa = PBXFileReference; lastKnownFileType = folder.assetcatalog; path = Assets.xcassets; sourceTree = "<group>"; };
		D96F8DFE1CDAE708005E9D70 /* Base */ = {isa = PBXFileReference; lastKnownFileType = file.storyboard; name = Base; path = Base.lproj/LaunchScreen.storyboard; sourceTree = "<group>"; };
		D96F8E001CDAE708005E9D70 /* Info.plist */ = {isa = PBXFileReference; lastKnownFileType = text.plist.xml; path = Info.plist; sourceTree = "<group>"; };
		D96F8E0D1CDAE8A5005E9D70 /* RGCStatusBarHUD.bundle */ = {isa = PBXFileReference; lastKnownFileType = "wrapper.plug-in"; path = RGCStatusBarHUD.bundle; sourceTree = "<group>"; };
		D96F8E0E1CDAE8A5005E9D70 /* RGCStatusBarHUD.h */ = {isa = PBXFileReference; fileEncoding = 4; lastKnownFileType = sourcecode.c.h; path = RGCStatusBarHUD.h; sourceTree = "<group>"; };
		D96F8E0F1CDAE8A5005E9D70 /* RGCStatusBarHUD.m */ = {isa = PBXFileReference; fileEncoding = 4; lastKnownFileType = sourcecode.c.objc; path = RGCStatusBarHUD.m; sourceTree = "<group>"; };
/* End PBXFileReference section */

/* Begin PBXFrameworksBuildPhase section */
		D96F8DE91CDAE708005E9D70 /* Frameworks */ = {
			isa = PBXFrameworksBuildPhase;
			buildActionMask = 2147483647;
			files = (
			);
			runOnlyForDeploymentPostprocessing = 0;
		};
/* End PBXFrameworksBuildPhase section */

/* Begin PBXGroup section */
		D96F8DE31CDAE708005E9D70 = {
			isa = PBXGroup;
			children = (
				D96F8DEE1CDAE708005E9D70 /* RGCStatusBarHUDDemo */,
				D96F8DED1CDAE708005E9D70 /* Products */,
			);
			sourceTree = "<group>";
		};
		D96F8DED1CDAE708005E9D70 /* Products */ = {
			isa = PBXGroup;
			children = (
				D96F8DEC1CDAE708005E9D70 /* RGCStatusBarHUDDemo.app */,
			);
			name = Products;
			sourceTree = "<group>";
		};
		D96F8DEE1CDAE708005E9D70 /* RGCStatusBarHUDDemo */ = {
			isa = PBXGroup;
			children = (
				D96F8E0C1CDAE8A5005E9D70 /* RGCStatusBarHUD */,
				D96F8DF21CDAE708005E9D70 /* AppDelegate.h */,
				D96F8DF31CDAE708005E9D70 /* AppDelegate.m */,
				D96F8DF51CDAE708005E9D70 /* ViewController.h */,
				D96F8DF61CDAE708005E9D70 /* ViewController.m */,
				D96F8DF81CDAE708005E9D70 /* Main.storyboard */,
				D96F8DFB1CDAE708005E9D70 /* Assets.xcassets */,
				D96F8DFD1CDAE708005E9D70 /* LaunchScreen.storyboard */,
				D96F8E001CDAE708005E9D70 /* Info.plist */,
				D96F8DEF1CDAE708005E9D70 /* Supporting Files */,
			);
			path = RGCStatusBarHUDDemo;
			sourceTree = "<group>";
		};
		D96F8DEF1CDAE708005E9D70 /* Supporting Files */ = {
			isa = PBXGroup;
			children = (
				D96F8DF01CDAE708005E9D70 /* main.m */,
			);
			name = "Supporting Files";
			sourceTree = "<group>";
		};
		D96F8E0C1CDAE8A5005E9D70 /* RGCStatusBarHUD */ = {
			isa = PBXGroup;
			children = (
				D96F8E0D1CDAE8A5005E9D70 /* RGCStatusBarHUD.bundle */,
				D96F8E0E1CDAE8A5005E9D70 /* RGCStatusBarHUD.h */,
				D96F8E0F1CDAE8A5005E9D70 /* RGCStatusBarHUD.m */,
			);
			path = RGCStatusBarHUD;
			sourceTree = "<group>";
		};
/* End PBXGroup section */

/* Begin PBXNativeTarget section */
		D96F8DEB1CDAE708005E9D70 /* RGCStatusBarHUDDemo */ = {
			isa = PBXNativeTarget;
			buildConfigurationList = D96F8E031CDAE708005E9D70 /* Build configuration list for PBXNativeTarget "RGCStatusBarHUDDemo" */;
			buildPhases = (
				D96F8DE81CDAE708005E9D70 /* Sources */,
				D96F8DE91CDAE708005E9D70 /* Frameworks */,
				D96F8DEA1CDAE708005E9D70 /* Resources */,
			);
			buildRules = (
			);
			dependencies = (
			);
			name = RGCStatusBarHUDDemo;
			productName = RGCStatusBarHUDDemo;
			productReference = D96F8DEC1CDAE708005E9D70 /* RGCStatusBarHUDDemo.app */;
			productType = "com.apple.product-type.application";
		};
/* End PBXNativeTarget section */

/* Begin PBXProject section */
		D96F8DE41CDAE708005E9D70 /* Project object */ = {
			isa = PBXProject;
			attributes = {
				LastUpgradeCheck = 0730;
				ORGANIZATIONNAME = CC;
				TargetAttributes = {
					D96F8DEB1CDAE708005E9D70 = {
						CreatedOnToolsVersion = 7.3;
					};
				};
			};
			buildConfigurationList = D96F8DE71CDAE708005E9D70 /* Build configuration list for PBXProject "RGCStatusBarHUDDemo" */;
			compatibilityVersion = "Xcode 3.2";
			developmentRegion = English;
			hasScannedForEncodings = 0;
			knownRegions = (
				en,
				Base,
			);
			mainGroup = D96F8DE31CDAE708005E9D70;
			productRefGroup = D96F8DED1CDAE708005E9D70 /* Products */;
			projectDirPath = "";
			projectRoot = "";
			targets = (
				D96F8DEB1CDAE708005E9D70 /* RGCStatusBarHUDDemo */,
			);
		};
/* End PBXProject section */

/* Begin PBXResourcesBuildPhase section */
		D96F8DEA1CDAE708005E9D70 /* Resources */ = {
			isa = PBXResourcesBuildPhase;
			buildActionMask = 2147483647;
			files = (
				D96F8E101CDAE8A6005E9D70 /* RGCStatusBarHUD.bundle in Resources */,
				D96F8DFF1CDAE708005E9D70 /* LaunchScreen.storyboard in Resources */,
				D96F8DFC1CDAE708005E9D70 /* Assets.xcassets in Resources */,
				D96F8DFA1CDAE708005E9D70 /* Main.storyboard in Resources */,
			);
			runOnlyForDeploymentPostprocessing = 0;
		};
/* End PBXResourcesBuildPhase section */

/* Begin PBXSourcesBuildPhase section */
		D96F8DE81CDAE708005E9D70 /* Sources */ = {
			isa = PBXSourcesBuildPhase;
			buildActionMask = 2147483647;
			files = (
				D96F8DF71CDAE708005E9D70 /* ViewController.m in Sources */,
				D96F8DF41CDAE708005E9D70 /* AppDelegate.m in Sources */,
				D96F8E111CDAE8A6005E9D70 /* RGCStatusBarHUD.m in Sources */,
				D96F8DF11CDAE708005E9D70 /* main.m in Sources */,
			);
			runOnlyForDeploymentPostprocessing = 0;
		};
/* End PBXSourcesBuildPhase section */

/* Begin PBXVariantGroup section */
		D96F8DF81CDAE708005E9D70 /* Main.storyboard */ = {
			isa = PBXVariantGroup;
			children = (
				D96F8DF91CDAE708005E9D70 /* Base */,
			);
			name = Main.storyboard;
			sourceTree = "<group>";
		};
		D96F8DFD1CDAE708005E9D70 /* LaunchScreen.storyboard */ = {
			isa = PBXVariantGroup;
			children = (
				D96F8DFE1CDAE708005E9D70 /* Base */,
			);
			name = LaunchScreen.storyboard;
			sourceTree = "<group>";
		};
/* End PBXVariantGroup section */

/* Begin XCBuildConfiguration section */
		D96F8E011CDAE708005E9D70 /* Debug */ = {
			isa = XCBuildConfiguration;
			buildSettings = {
				ALWAYS_SEARCH_USER_PATHS = NO;
				CLANG_ANALYZER_NONNULL = YES;
				CLANG_CXX_LANGUAGE_STANDARD = "gnu++0x";
				CLANG_CXX_LIBRARY = "libc++";
				CLANG_ENABLE_MODULES = YES;
				CLANG_ENABLE_OBJC_ARC = YES;
				CLANG_WARN_BOOL_CONVERSION = YES;
				CLANG_WARN_CONSTANT_CONVERSION = YES;
				CLANG_WARN_DIRECT_OBJC_ISA_USAGE = YES_ERROR;
				CLANG_WARN_EMPTY_BODY = YES;
				CLANG_WARN_ENUM_CONVERSION = YES;
				CLANG_WARN_INT_CONVERSION = YES;
				CLANG_WARN_OBJC_ROOT_CLASS = YES_ERROR;
				CLANG_WARN_UNREACHABLE_CODE = YES;
				CLANG_WARN__DUPLICATE_METHOD_MATCH = YES;
				"CODE_SIGN_IDENTITY[sdk=iphoneos*]" = "iPhone Developer";
				COPY_PHASE_STRIP = NO;
				DEBUG_INFORMATION_FORMAT = dwarf;
				ENABLE_STRICT_OBJC_MSGSEND = YES;
				ENABLE_TESTABILITY = YES;
				GCC_C_LANGUAGE_STANDARD = gnu99;
				GCC_DYNAMIC_NO_PIC = NO;
				GCC_NO_COMMON_BLOCKS = YES;
				GCC_OPTIMIZATION_LEVEL = 0;
				GCC_PREPROCESSOR_DEFINITIONS = (
					"DEBUG=1",
					"$(inherited)",
				);
				GCC_WARN_64_TO_32_BIT_CONVERSION = YES;
				GCC_WARN_ABOUT_RETURN_TYPE = YES_ERROR;
				GCC_WARN_UNDECLARED_SELECTOR = YES;
				GCC_WARN_UNINITIALIZED_AUTOS = YES_AGGRESSIVE;
				GCC_WARN_UNUSED_FUNCTION = YES;
				GCC_WARN_UNUSED_VARIABLE = YES;
				IPHONEOS_DEPLOYMENT_TARGET = 9.3;
				MTL_ENABLE_DEBUG_INFO = YES;
				ONLY_ACTIVE_ARCH = YES;
				SDKROOT = iphoneos;
			};
			name = Debug;
		};
		D96F8E021CDAE708005E9D70 /* Release */ = {
			isa = XCBuildConfiguration;
			buildSettings = {
				ALWAYS_SEARCH_USER_PATHS = NO;
				CLANG_ANALYZER_NONNULL = YES;
				CLANG_CXX_LANGUAGE_STANDARD = "gnu++0x";
				CLANG_CXX_LIBRARY = "libc++";
				CLANG_ENABLE_MODULES = YES;
				CLANG_ENABLE_OBJC_ARC = YES;
				CLANG_WARN_BOOL_CONVERSION = YES;
				CLANG_WARN_CONSTANT_CONVERSION = YES;
				CLANG_WARN_DIRECT_OBJC_ISA_USAGE = YES_ERROR;
				CLANG_WARN_EMPTY_BODY = YES;
				CLANG_WARN_ENUM_CONVERSION = YES;
				CLANG_WARN_INT_CONVERSION = YES;
				CLANG_WARN_OBJC_ROOT_CLASS = YES_ERROR;
				CLANG_WARN_UNREACHABLE_CODE = YES;
				CLANG_WARN__DUPLICATE_METHOD_MATCH = YES;
				"CODE_SIGN_IDENTITY[sdk=iphoneos*]" = "iPhone Developer";
				COPY_PHASE_STRIP = NO;
				DEBUG_INFORMATION_FORMAT = "dwarf-with-dsym";
				ENABLE_NS_ASSERTIONS = NO;
				ENABLE_STRICT_OBJC_MSGSEND = YES;
				GCC_C_LANGUAGE_STANDARD = gnu99;
				GCC_NO_COMMON_BLOCKS = YES;
				GCC_WARN_64_TO_32_BIT_CONVERSION = YES;
				GCC_WARN_ABOUT_RETURN_TYPE = YES_ERROR;
				GCC_WARN_UNDECLARED_SELECTOR = YES;
				GCC_WARN_UNINITIALIZED_AUTOS = YES_AGGRESSIVE;
				GCC_WARN_UNUSED_FUNCTION = YES;
				GCC_WARN_UNUSED_VARIABLE = YES;
				IPHONEOS_DEPLOYMENT_TARGET = 9.3;
				MTL_ENABLE_DEBUG_INFO = NO;
				SDKROOT = iphoneos;
				VALIDATE_PRODUCT = YES;
			};
			name = Release;
		};
		D96F8E041CDAE708005E9D70 /* Debug */ = {
			isa = XCBuildConfiguration;
			buildSettings = {
				ASSETCATALOG_COMPILER_APPICON_NAME = AppIcon;
				INFOPLIST_FILE = RGCStatusBarHUDDemo/Info.plist;
				LD_RUNPATH_SEARCH_PATHS = "$(inherited) @executable_path/Frameworks";
				PRODUCT_BUNDLE_IDENTIFIER = com.telecomjs.RGCStatusBarHUDDemo;
				PRODUCT_NAME = "$(TARGET_NAME)";
			};
			name = Debug;
		};
		D96F8E051CDAE708005E9D70 /* Release */ = {
			isa = XCBuildConfiguration;
			buildSettings = {
				ASSETCATALOG_COMPILER_APPICON_NAME = AppIcon;
				INFOPLIST_FILE = RGCStatusBarHUDDemo/Info.plist;
				LD_RUNPATH_SEARCH_PATHS = "$(inherited) @executable_path/Frameworks";
				PRODUCT_BUNDLE_IDENTIFIER = com.telecomjs.RGCStatusBarHUDDemo;
				PRODUCT_NAME = "$(TARGET_NAME)";
			};
			name = Release;
		};
/* End XCBuildConfiguration section */

/* Begin XCConfigurationList section */
		D96F8DE71CDAE708005E9D70 /* Build configuration list for PBXProject "RGCStatusBarHUDDemo" */ = {
			isa = XCConfigurationList;
			buildConfigurations = (
				D96F8E011CDAE708005E9D70 /* Debug */,
				D96F8E021CDAE708005E9D70 /* Release */,
			);
			defaultConfigurationIsVisible = 0;
			defaultConfigurationName = Release;
		};
		D96F8E031CDAE708005E9D70 /* Build configuration list for PBXNativeTarget "RGCStatusBarHUDDemo" */ = {
			isa = XCConfigurationList;
			buildConfigurations = (
				D96F8E041CDAE708005E9D70 /* Debug */,
				D96F8E051CDAE708005E9D70 /* Release */,
			);
			defaultConfigurationIsVisible = 0;
			defaultConfigurationName = Release;
		};
/* End XCConfigurationList section */
	};
	rootObject = D96F8DE41CDAE708005E9D70 /* Project object */;
}
